
Microsoft Visual Studio Solution File, Format Version 12.00
# Visual Studio Version 16
VisualStudioVersion = 16.0.31313.79
MinimumVisualStudioVersion = 10.0.40219.1
Project("{FAE04EC0-301F-11D3-BF4B-00C04F79EFBC}") = "testProject", "testProject\testProject.csproj", "{4A1C886B-F1F4-46CD-BFFB-7AB84B284D31}"
EndProject
Global
	GlobalSection(SolutionConfigurationPlatforms) = preSolution
		Debug|Any CPU = Debug|Any CPU
		Release|Any CPU = Release|Any CPU
	EndGlobalSection
	GlobalSection(ProjectConfigurationPlatforms) = postSolution
		{4A1C886B-F1F4-46CD-BFFB-7AB84B284D31}.Debug|Any CPU.ActiveCfg = Debug|Any CPU
		{4A1C886B-F1F4-46CD-BFFB-7AB84B284D31}.Debug|Any CPU.Build.0 = Debug|Any CPU
		{4A1C886B-F1F4-46CD-BFFB-7AB84B284D31}.Release|Any CPU.ActiveCfg = Release|Any CPU
		{4A1C886B-F1F4-46CD-BFFB-7AB84B284D31}.Release|Any CPU.Build.0 = Release|Any CPU
	EndGlobalSection
	GlobalSection(SolutionProperties) = preSolution
		HideSolutionNode = FALSE
	EndGlobalSection
	GlobalSection(ExtensibilityGlobals) = postSolution
		SolutionGuid = {AD83F845-8A1A-4780-BD36-C3E9843E29F6}
	EndGlobalSection
EndGlobal
